
Microsoft Visual Studio Solution File, Format Version 12.00
# Visual Studio Version 16
VisualStudioVersion = 16.0.29905.134
MinimumVisualStudioVersion = 10.0.40219.1
Project("{9A19103F-16F7-4668-BE54-9A1E7A4F7556}") = "MiniMart.Coco.Api", "MiniMart.Coco.Api\MiniMart.Coco.Api.csproj", "{0B74ED30-A979-4C1A-806F-B442C6CF2FA4}"
EndProject
Project("{9A19103F-16F7-4668-BE54-9A1E7A4F7556}") = "MiniMart.Coco.Api.Dtos", "MiniMart.Coco.Api.Dtos\MiniMart.Coco.Api.Dtos.csproj", "{2CE007DA-4CD1-4B13-B21F-78EA8E478938}"
EndProject
Project("{9A19103F-16F7-4668-BE54-9A1E7A4F7556}") = "MiniMart.Coco.Api.Tests.Unit", "MiniMart.Coco.Api.Tests.Unit\MiniMart.Coco.Api.Tests.Unit.csproj", "{2DA48669-21B9-4199-B476-BA4E000A7431}"
EndProject
Global
	GlobalSection(SolutionConfigurationPlatforms) = preSolution
		Debug|Any CPU = Debug|Any CPU
		Release|Any CPU = Release|Any CPU
	EndGlobalSection
	GlobalSection(ProjectConfigurationPlatforms) = postSolution
		{0B74ED30-A979-4C1A-806F-B442C6CF2FA4}.Debug|Any CPU.ActiveCfg = Debug|Any CPU
		{0B74ED30-A979-4C1A-806F-B442C6CF2FA4}.Debug|Any CPU.Build.0 = Debug|Any CPU
		{0B74ED30-A979-4C1A-806F-B442C6CF2FA4}.Release|Any CPU.ActiveCfg = Release|Any CPU
		{0B74ED30-A979-4C1A-806F-B442C6CF2FA4}.Release|Any CPU.Build.0 = Release|Any CPU
		{2CE007DA-4CD1-4B13-B21F-78EA8E478938}.Debug|Any CPU.ActiveCfg = Debug|Any CPU
		{2CE007DA-4CD1-4B13-B21F-78EA8E478938}.Debug|Any CPU.Build.0 = Debug|Any CPU
		{2CE007DA-4CD1-4B13-B21F-78EA8E478938}.Release|Any CPU.ActiveCfg = Release|Any CPU
		{2CE007DA-4CD1-4B13-B21F-78EA8E478938}.Release|Any CPU.Build.0 = Release|Any CPU
		{2DA48669-21B9-4199-B476-BA4E000A7431}.Debug|Any CPU.ActiveCfg = Debug|Any CPU
		{2DA48669-21B9-4199-B476-BA4E000A7431}.Debug|Any CPU.Build.0 = Debug|Any CPU
		{2DA48669-21B9-4199-B476-BA4E000A7431}.Release|Any CPU.ActiveCfg = Release|Any CPU
		{2DA48669-21B9-4199-B476-BA4E000A7431}.Release|Any CPU.Build.0 = Release|Any CPU
	EndGlobalSection
	GlobalSection(SolutionProperties) = preSolution
		HideSolutionNode = FALSE
	EndGlobalSection
	GlobalSection(ExtensibilityGlobals) = postSolution
		SolutionGuid = {B9DE739B-D3B2-420B-B9D1-08D812F5FF57}
	EndGlobalSection
EndGlobal
